// !$*UTF8*$!
{
	archiveVersion = 1;
	classes = {
	};
	objectVersion = 77;
	objects = {

/* Begin PBXBuildFile section */
		42A7708A2E5330DB00F3922B /* SessionStore.swift in Sources */ = {isa = PBXBuildFile; fileRef = 42A770892E5330DB00F3922B /* SessionStore.swift */; };
		42A7708C2E548A1C00F3922B /* Product.swift in Sources */ = {isa = PBXBuildFile; fileRef = 42A7708B2E548A1C00F3922B /* Product.swift */; };
		42A7708E2E548AA000F3922B /* NetworkError.swift in Sources */ = {isa = PBXBuildFile; fileRef = 42A7708D2E548AA000F3922B /* NetworkError.swift */; };
		42A770902E548C5000F3922B /* Client.swift in Sources */ = {isa = PBXBuildFile; fileRef = 42A7708F2E548C5000F3922B /* Client.swift */; };
		42A770B52E54929D00F3922B /* ProductsAPI.swift in Sources */ = {isa = PBXBuildFile; fileRef = 42A770B42E54929D00F3922B /* ProductsAPI.swift */; };
		42A770B72E54B26900F3922B /* MainPlaceholderVC.swift in Sources */ = {isa = PBXBuildFile; fileRef = 42A770B62E54B26900F3922B /* MainPlaceholderVC.swift */; };
		42C3CD992E51DAD400AB057D /* AppDelegate.swift in Sources */ = {isa = PBXBuildFile; fileRef = 42C3CD912E51DAD400AB057D /* AppDelegate.swift */; };
		42C3CD9A2E51DAD400AB057D /* SceneDelegate.swift in Sources */ = {isa = PBXBuildFile; fileRef = 42C3CD962E51DAD400AB057D /* SceneDelegate.swift */; };
		42C3CD9B2E51DAD400AB057D /* ViewController.swift in Sources */ = {isa = PBXBuildFile; fileRef = 42C3CD972E51DAD400AB057D /* ViewController.swift */; };
		42C3CD9C2E51DAD400AB057D /* Assets.xcassets in Resources */ = {isa = PBXBuildFile; fileRef = 42C3CD922E51DAD400AB057D /* Assets.xcassets */; };
		42C3CD9E2E51DAD400AB057D /* LaunchScreen.storyboard in Resources */ = {isa = PBXBuildFile; fileRef = 42C3CD952E51DAD400AB057D /* LaunchScreen.storyboard */; };
		42C3CDAB2E52FBEB00AB057D /* AppCoordinator.swift in Sources */ = {isa = PBXBuildFile; fileRef = 42C3CDAA2E52FBEB00AB057D /* AppCoordinator.swift */; };
/* End PBXBuildFile section */

/* Begin PBXContainerItemProxy section */
		42C3CD742E51D7D800AB057D /* PBXContainerItemProxy */ = {
			isa = PBXContainerItemProxy;
			containerPortal = 42C3CD552E51D7D600AB057D /* Project object */;
			proxyType = 1;
			remoteGlobalIDString = 42C3CD5C2E51D7D600AB057D;
			remoteInfo = ShopApp;
		};
		42C3CD7E2E51D7D800AB057D /* PBXContainerItemProxy */ = {
			isa = PBXContainerItemProxy;
			containerPortal = 42C3CD552E51D7D600AB057D /* Project object */;
			proxyType = 1;
			remoteGlobalIDString = 42C3CD5C2E51D7D600AB057D;
			remoteInfo = ShopApp;
		};
/* End PBXContainerItemProxy section */

/* Begin PBXFileReference section */
		42A770892E5330DB00F3922B /* SessionStore.swift */ = {isa = PBXFileReference; lastKnownFileType = sourcecode.swift; path = SessionStore.swift; sourceTree = "<group>"; };
		42A7708B2E548A1C00F3922B /* Product.swift */ = {isa = PBXFileReference; lastKnownFileType = sourcecode.swift; path = Product.swift; sourceTree = "<group>"; };
		42A7708D2E548AA000F3922B /* NetworkError.swift */ = {isa = PBXFileReference; lastKnownFileType = sourcecode.swift; path = NetworkError.swift; sourceTree = "<group>"; };
		42A7708F2E548C5000F3922B /* Client.swift */ = {isa = PBXFileReference; lastKnownFileType = sourcecode.swift; path = Client.swift; sourceTree = "<group>"; };
		42A770B42E54929D00F3922B /* ProductsAPI.swift */ = {isa = PBXFileReference; lastKnownFileType = sourcecode.swift; path = ProductsAPI.swift; sourceTree = "<group>"; };
		42A770B62E54B26900F3922B /* MainPlaceholderVC.swift */ = {isa = PBXFileReference; lastKnownFileType = sourcecode.swift; path = MainPlaceholderVC.swift; sourceTree = "<group>"; };
		42C3CD5D2E51D7D600AB057D /* ShopApp.app */ = {isa = PBXFileReference; explicitFileType = wrapper.application; includeInIndex = 0; path = ShopApp.app; sourceTree = BUILT_PRODUCTS_DIR; };
		42C3CD732E51D7D800AB057D /* ShopAppTests.xctest */ = {isa = PBXFileReference; explicitFileType = wrapper.cfbundle; includeInIndex = 0; path = ShopAppTests.xctest; sourceTree = BUILT_PRODUCTS_DIR; };
		42C3CD7D2E51D7D800AB057D /* ShopAppUITests.xctest */ = {isa = PBXFileReference; explicitFileType = wrapper.cfbundle; includeInIndex = 0; path = ShopAppUITests.xctest; sourceTree = BUILT_PRODUCTS_DIR; };
		42C3CD912E51DAD400AB057D /* AppDelegate.swift */ = {isa = PBXFileReference; lastKnownFileType = sourcecode.swift; path = AppDelegate.swift; sourceTree = "<group>"; };
		42C3CD922E51DAD400AB057D /* Assets.xcassets */ = {isa = PBXFileReference; lastKnownFileType = folder.assetcatalog; path = Assets.xcassets; sourceTree = "<group>"; };
		42C3CD932E51DAD400AB057D /* Info.plist */ = {isa = PBXFileReference; lastKnownFileType = text.plist.xml; path = Info.plist; sourceTree = "<group>"; };
		42C3CD942E51DAD400AB057D /* Base */ = {isa = PBXFileReference; lastKnownFileType = file.storyboard; name = Base; path = Base.lproj/LaunchScreen.storyboard; sourceTree = "<group>"; };
		42C3CD962E51DAD400AB057D /* SceneDelegate.swift */ = {isa = PBXFileReference; lastKnownFileType = sourcecode.swift; path = SceneDelegate.swift; sourceTree = "<group>"; };
		42C3CD972E51DAD400AB057D /* ViewController.swift */ = {isa = PBXFileReference; lastKnownFileType = sourcecode.swift; path = ViewController.swift; sourceTree = "<group>"; };
		42C3CDAA2E52FBEB00AB057D /* AppCoordinator.swift */ = {isa = PBXFileReference; lastKnownFileType = sourcecode.swift; path = AppCoordinator.swift; sourceTree = "<group>"; };
/* End PBXFileReference section */

/* Begin PBXFileSystemSynchronizedRootGroup section */
		42C3CD762E51D7D800AB057D /* ShopAppTests */ = {
			isa = PBXFileSystemSynchronizedRootGroup;
			path = ShopAppTests;
			sourceTree = "<group>";
		};
		42C3CD802E51D7D800AB057D /* ShopAppUITests */ = {
			isa = PBXFileSystemSynchronizedRootGroup;
			path = ShopAppUITests;
			sourceTree = "<group>";
		};
/* End PBXFileSystemSynchronizedRootGroup section */

/* Begin PBXFrameworksBuildPhase section */
		42C3CD5A2E51D7D600AB057D /* Frameworks */ = {
			isa = PBXFrameworksBuildPhase;
			buildActionMask = 2147483647;
			files = (
			);
			runOnlyForDeploymentPostprocessing = 0;
		};
		42C3CD702E51D7D800AB057D /* Frameworks */ = {
			isa = PBXFrameworksBuildPhase;
			buildActionMask = 2147483647;
			files = (
			);
			runOnlyForDeploymentPostprocessing = 0;
		};
		42C3CD7A2E51D7D800AB057D /* Frameworks */ = {
			isa = PBXFrameworksBuildPhase;
			buildActionMask = 2147483647;
			files = (
			);
			runOnlyForDeploymentPostprocessing = 0;
		};
/* End PBXFrameworksBuildPhase section */

/* Begin PBXGroup section */
		42C3CD542E51D7D600AB057D = {
			isa = PBXGroup;
			children = (
				42C3CD982E51DAD400AB057D /* ShopApp */,
				42C3CD5E2E51D7D600AB057D /* Products */,
			);
			sourceTree = "<group>";
		};
		42C3CD5E2E51D7D600AB057D /* Products */ = {
			isa = PBXGroup;
			children = (
				42C3CD5D2E51D7D600AB057D /* ShopApp.app */,
				42C3CD732E51D7D800AB057D /* ShopAppTests.xctest */,
				42C3CD7D2E51D7D800AB057D /* ShopAppUITests.xctest */,
			);
			name = Products;
			sourceTree = "<group>";
		};
		42C3CD982E51DAD400AB057D /* ShopApp */ = {
			isa = PBXGroup;
			children = (
				42C3CD9F2E52F99C00AB057D /* Application */,
				42C3CDA02E52F9BC00AB057D /* Coordinator */,
				42C3CDA72E52FA7E00AB057D /* Main */,
				42C3CDA62E52FA6A00AB057D /* Registration */,
				42C3CDA52E52FA4200AB057D /* Models */,
				42C3CDA42E52FA3400AB057D /* Storage */,
				42C3CDA32E52FA2000AB057D /* Networking */,
				42C3CD972E51DAD400AB057D /* ViewController.swift */,
				42C3CD912E51DAD400AB057D /* AppDelegate.swift */,
				42C3CD962E51DAD400AB057D /* SceneDelegate.swift */,
				42C3CD952E51DAD400AB057D /* LaunchScreen.storyboard */,
				42C3CD932E51DAD400AB057D /* Info.plist */,
				42C3CD922E51DAD400AB057D /* Assets.xcassets */,
				42C3CDA82E52FA9000AB057D /* Tests */,
			);
			path = ShopApp;
			sourceTree = "<group>";
		};
		42C3CD9F2E52F99C00AB057D /* Application */ = {
			isa = PBXGroup;
			children = (
				42C3CDAA2E52FBEB00AB057D /* AppCoordinator.swift */,
			);
			path = Application;
			sourceTree = "<group>";
		};
		42C3CDA02E52F9BC00AB057D /* Coordinator */ = {
			isa = PBXGroup;
			children = (
			);
			path = Coordinator;
			sourceTree = "<group>";
		};
		42C3CDA32E52FA2000AB057D /* Networking */ = {
			isa = PBXGroup;
			children = (
				42A7708D2E548AA000F3922B /* NetworkError.swift */,
				42A7708F2E548C5000F3922B /* Client.swift */,
				42A770B42E54929D00F3922B /* ProductsAPI.swift */,
			);
			path = Networking;
			sourceTree = "<group>";
		};
		42C3CDA42E52FA3400AB057D /* Storage */ = {
			isa = PBXGroup;
			children = (
				42A770892E5330DB00F3922B /* SessionStore.swift */,
			);
			path = Storage;
			sourceTree = "<group>";
		};
		42C3CDA52E52FA4200AB057D /* Models */ = {
			isa = PBXGroup;
			children = (
				42A7708B2E548A1C00F3922B /* Product.swift */,
			);
			path = Models;
			sourceTree = "<group>";
		};
		42C3CDA62E52FA6A00AB057D /* Registration */ = {
			isa = PBXGroup;
			children = (
			);
			path = Registration;
			sourceTree = "<group>";
		};
		42C3CDA72E52FA7E00AB057D /* Main */ = {
			isa = PBXGroup;
			children = (
				42A770B62E54B26900F3922B /* MainPlaceholderVC.swift */,
			);
			path = Main;
			sourceTree = "<group>";
		};
		42C3CDA82E52FA9000AB057D /* Tests */ = {
			isa = PBXGroup;
			children = (
				42C3CDA92E52FADA00AB057D /* Unit */,
			);
			path = Tests;
			sourceTree = "<group>";
		};
		42C3CDA92E52FADA00AB057D /* Unit */ = {
			isa = PBXGroup;
			children = (
				42C3CD802E51D7D800AB057D /* ShopAppUITests */,
				42C3CD762E51D7D800AB057D /* ShopAppTests */,
			);
			path = Unit;
			sourceTree = "<group>";
		};
/* End PBXGroup section */

/* Begin PBXNativeTarget section */
		42C3CD5C2E51D7D600AB057D /* ShopApp */ = {
			isa = PBXNativeTarget;
			buildConfigurationList = 42C3CD862E51D7D800AB057D /* Build configuration list for PBXNativeTarget "ShopApp" */;
			buildPhases = (
				42C3CD592E51D7D600AB057D /* Sources */,
				42C3CD5A2E51D7D600AB057D /* Frameworks */,
				42C3CD5B2E51D7D600AB057D /* Resources */,
			);
			buildRules = (
			);
			dependencies = (
			);
			name = ShopApp;
			packageProductDependencies = (
			);
			productName = ShopApp;
			productReference = 42C3CD5D2E51D7D600AB057D /* ShopApp.app */;
			productType = "com.apple.product-type.application";
		};
		42C3CD722E51D7D800AB057D /* ShopAppTests */ = {
			isa = PBXNativeTarget;
			buildConfigurationList = 42C3CD8B2E51D7D800AB057D /* Build configuration list for PBXNativeTarget "ShopAppTests" */;
			buildPhases = (
				42C3CD6F2E51D7D800AB057D /* Sources */,
				42C3CD702E51D7D800AB057D /* Frameworks */,
				42C3CD712E51D7D800AB057D /* Resources */,
			);
			buildRules = (
			);
			dependencies = (
				42C3CD752E51D7D800AB057D /* PBXTargetDependency */,
			);
			fileSystemSynchronizedGroups = (
				42C3CD762E51D7D800AB057D /* ShopAppTests */,
			);
			name = ShopAppTests;
			packageProductDependencies = (
			);
			productName = ShopAppTests;
			productReference = 42C3CD732E51D7D800AB057D /* ShopAppTests.xctest */;
			productType = "com.apple.product-type.bundle.unit-test";
		};
		42C3CD7C2E51D7D800AB057D /* ShopAppUITests */ = {
			isa = PBXNativeTarget;
			buildConfigurationList = 42C3CD8E2E51D7D800AB057D /* Build configuration list for PBXNativeTarget "ShopAppUITests" */;
			buildPhases = (
				42C3CD792E51D7D800AB057D /* Sources */,
				42C3CD7A2E51D7D800AB057D /* Frameworks */,
				42C3CD7B2E51D7D800AB057D /* Resources */,
			);
			buildRules = (
			);
			dependencies = (
				42C3CD7F2E51D7D800AB057D /* PBXTargetDependency */,
			);
			fileSystemSynchronizedGroups = (
				42C3CD802E51D7D800AB057D /* ShopAppUITests */,
			);
			name = ShopAppUITests;
			packageProductDependencies = (
			);
			productName = ShopAppUITests;
			productReference = 42C3CD7D2E51D7D800AB057D /* ShopAppUITests.xctest */;
			productType = "com.apple.product-type.bundle.ui-testing";
		};
/* End PBXNativeTarget section */

/* Begin PBXProject section */
		42C3CD552E51D7D600AB057D /* Project object */ = {
			isa = PBXProject;
			attributes = {
				BuildIndependentTargetsInParallel = 1;
				LastSwiftUpdateCheck = 1640;
				LastUpgradeCheck = 1640;
				TargetAttributes = {
					42C3CD5C2E51D7D600AB057D = {
						CreatedOnToolsVersion = 16.4;
					};
					42C3CD722E51D7D800AB057D = {
						CreatedOnToolsVersion = 16.4;
						TestTargetID = 42C3CD5C2E51D7D600AB057D;
					};
					42C3CD7C2E51D7D800AB057D = {
						CreatedOnToolsVersion = 16.4;
						TestTargetID = 42C3CD5C2E51D7D600AB057D;
					};
				};
			};
			buildConfigurationList = 42C3CD582E51D7D600AB057D /* Build configuration list for PBXProject "ShopApp" */;
			developmentRegion = en;
			hasScannedForEncodings = 0;
			knownRegions = (
				en,
				Base,
			);
			mainGroup = 42C3CD542E51D7D600AB057D;
			minimizedProjectReferenceProxies = 1;
			preferredProjectObjectVersion = 77;
			productRefGroup = 42C3CD5E2E51D7D600AB057D /* Products */;
			projectDirPath = "";
			projectRoot = "";
			targets = (
				42C3CD5C2E51D7D600AB057D /* ShopApp */,
				42C3CD722E51D7D800AB057D /* ShopAppTests */,
				42C3CD7C2E51D7D800AB057D /* ShopAppUITests */,
			);
		};
/* End PBXProject section */

/* Begin PBXResourcesBuildPhase section */
		42C3CD5B2E51D7D600AB057D /* Resources */ = {
			isa = PBXResourcesBuildPhase;
			buildActionMask = 2147483647;
			files = (
				42C3CD9C2E51DAD400AB057D /* Assets.xcassets in Resources */,
				42C3CD9E2E51DAD400AB057D /* LaunchScreen.storyboard in Resources */,
			);
			runOnlyForDeploymentPostprocessing = 0;
		};
		42C3CD712E51D7D800AB057D /* Resources */ = {
			isa = PBXResourcesBuildPhase;
			buildActionMask = 2147483647;
			files = (
			);
			runOnlyForDeploymentPostprocessing = 0;
		};
		42C3CD7B2E51D7D800AB057D /* Resources */ = {
			isa = PBXResourcesBuildPhase;
			buildActionMask = 2147483647;
			files = (
			);
			runOnlyForDeploymentPostprocessing = 0;
		};
/* End PBXResourcesBuildPhase section */

/* Begin PBXSourcesBuildPhase section */
		42C3CD592E51D7D600AB057D /* Sources */ = {
			isa = PBXSourcesBuildPhase;
			buildActionMask = 2147483647;
			files = (
				42C3CDAB2E52FBEB00AB057D /* AppCoordinator.swift in Sources */,
				42A7708E2E548AA000F3922B /* NetworkError.swift in Sources */,
				42A7708A2E5330DB00F3922B /* SessionStore.swift in Sources */,
				42A770B52E54929D00F3922B /* ProductsAPI.swift in Sources */,
				42C3CD992E51DAD400AB057D /* AppDelegate.swift in Sources */,
				42C3CD9A2E51DAD400AB057D /* SceneDelegate.swift in Sources */,
				42C3CD9B2E51DAD400AB057D /* ViewController.swift in Sources */,
				42A770B72E54B26900F3922B /* MainPlaceholderVC.swift in Sources */,
				42A770902E548C5000F3922B /* Client.swift in Sources */,
				42A7708C2E548A1C00F3922B /* Product.swift in Sources */,
			);
			runOnlyForDeploymentPostprocessing = 0;
		};
		42C3CD6F2E51D7D800AB057D /* Sources */ = {
			isa = PBXSourcesBuildPhase;
			buildActionMask = 2147483647;
			files = (
			);
			runOnlyForDeploymentPostprocessing = 0;
		};
		42C3CD792E51D7D800AB057D /* Sources */ = {
			isa = PBXSourcesBuildPhase;
			buildActionMask = 2147483647;
			files = (
			);
			runOnlyForDeploymentPostprocessing = 0;
		};
/* End PBXSourcesBuildPhase section */

/* Begin PBXTargetDependency section */
		42C3CD752E51D7D800AB057D /* PBXTargetDependency */ = {
			isa = PBXTargetDependency;
			target = 42C3CD5C2E51D7D600AB057D /* ShopApp */;
			targetProxy = 42C3CD742E51D7D800AB057D /* PBXContainerItemProxy */;
		};
		42C3CD7F2E51D7D800AB057D /* PBXTargetDependency */ = {
			isa = PBXTargetDependency;
			target = 42C3CD5C2E51D7D600AB057D /* ShopApp */;
			targetProxy = 42C3CD7E2E51D7D800AB057D /* PBXContainerItemProxy */;
		};
/* End PBXTargetDependency section */

/* Begin PBXVariantGroup section */
		42C3CD952E51DAD400AB057D /* LaunchScreen.storyboard */ = {
			isa = PBXVariantGroup;
			children = (
				42C3CD942E51DAD400AB057D /* Base */,
			);
			name = LaunchScreen.storyboard;
			sourceTree = "<group>";
		};
/* End PBXVariantGroup section */

/* Begin XCBuildConfiguration section */
		42C3CD872E51D7D800AB057D /* Debug */ = {
			isa = XCBuildConfiguration;
			buildSettings = {
				ASSETCATALOG_COMPILER_APPICON_NAME = AppIcon;
				ASSETCATALOG_COMPILER_GLOBAL_ACCENT_COLOR_NAME = AccentColor;
				CODE_SIGN_STYLE = Automatic;
				CURRENT_PROJECT_VERSION = 1;
				GENERATE_INFOPLIST_FILE = YES;
				INFOPLIST_FILE = ShopApp/Info.plist;
				INFOPLIST_KEY_UIApplicationSupportsIndirectInputEvents = YES;
				INFOPLIST_KEY_UILaunchStoryboardName = LaunchScreen;
				INFOPLIST_KEY_UISupportedInterfaceOrientations = UIInterfaceOrientationPortrait;
				INFOPLIST_KEY_UISupportedInterfaceOrientations_iPad = "UIInterfaceOrientationLandscapeLeft UIInterfaceOrientationLandscapeRight UIInterfaceOrientationPortrait UIInterfaceOrientationPortraitUpsideDown";
				IPHONEOS_DEPLOYMENT_TARGET = 15.0;
				LD_RUNPATH_SEARCH_PATHS = (
					"$(inherited)",
					"@executable_path/Frameworks",
				);
				MARKETING_VERSION = 1.0;
				PRODUCT_BUNDLE_IDENTIFIER = "Alexander-Shevtsov.ShopApp";
				PRODUCT_NAME = "$(TARGET_NAME)";
				SUPPORTED_PLATFORMS = "iphoneos iphonesimulator";
				SUPPORTS_MACCATALYST = NO;
				SUPPORTS_MAC_DESIGNED_FOR_IPHONE_IPAD = NO;
				SUPPORTS_XR_DESIGNED_FOR_IPHONE_IPAD = NO;
				SWIFT_EMIT_LOC_STRINGS = YES;
				SWIFT_VERSION = 5.0;
				TARGETED_DEVICE_FAMILY = 1;
			};
			name = Debug;
		};
		42C3CD882E51D7D800AB057D /* Release */ = {
			isa = XCBuildConfiguration;
			buildSettings = {
				ASSETCATALOG_COMPILER_APPICON_NAME = AppIcon;
				ASSETCATALOG_COMPILER_GLOBAL_ACCENT_COLOR_NAME = AccentColor;
				CODE_SIGN_STYLE = Automatic;
				CURRENT_PROJECT_VERSION = 1;
				GENERATE_INFOPLIST_FILE = YES;
				INFOPLIST_FILE = ShopApp/Info.plist;
				INFOPLIST_KEY_UIApplicationSupportsIndirectInputEvents = YES;
				INFOPLIST_KEY_UILaunchStoryboardName = LaunchScreen;
				INFOPLIST_KEY_UISupportedInterfaceOrientations = UIInterfaceOrientationPortrait;
				INFOPLIST_KEY_UISupportedInterfaceOrientations_iPad = "UIInterfaceOrientationLandscapeLeft UIInterfaceOrientationLandscapeRight UIInterfaceOrientationPortrait UIInterfaceOrientationPortraitUpsideDown";
				IPHONEOS_DEPLOYMENT_TARGET = 15.0;
				LD_RUNPATH_SEARCH_PATHS = (
					"$(inherited)",
					"@executable_path/Frameworks",
				);
				MARKETING_VERSION = 1.0;
				PRODUCT_BUNDLE_IDENTIFIER = "Alexander-Shevtsov.ShopApp";
				PRODUCT_NAME = "$(TARGET_NAME)";
				SUPPORTED_PLATFORMS = "iphoneos iphonesimulator";
				SUPPORTS_MACCATALYST = NO;
				SUPPORTS_MAC_DESIGNED_FOR_IPHONE_IPAD = NO;
				SUPPORTS_XR_DESIGNED_FOR_IPHONE_IPAD = NO;
				SWIFT_EMIT_LOC_STRINGS = YES;
				SWIFT_VERSION = 5.0;
				TARGETED_DEVICE_FAMILY = 1;
			};
			name = Release;
		};
		42C3CD892E51D7D800AB057D /* Debug */ = {
			isa = XCBuildConfiguration;
			buildSettings = {
				ALWAYS_SEARCH_USER_PATHS = NO;
				ASSETCATALOG_COMPILER_GENERATE_SWIFT_ASSET_SYMBOL_EXTENSIONS = YES;
				CLANG_ANALYZER_NONNULL = YES;
				CLANG_ANALYZER_NUMBER_OBJECT_CONVERSION = YES_AGGRESSIVE;
				CLANG_CXX_LANGUAGE_STANDARD = "gnu++20";
				CLANG_ENABLE_MODULES = YES;
				CLANG_ENABLE_OBJC_ARC = YES;
				CLANG_ENABLE_OBJC_WEAK = YES;
				CLANG_WARN_BLOCK_CAPTURE_AUTORELEASING = YES;
				CLANG_WARN_BOOL_CONVERSION = YES;
				CLANG_WARN_COMMA = YES;
				CLANG_WARN_CONSTANT_CONVERSION = YES;
				CLANG_WARN_DEPRECATED_OBJC_IMPLEMENTATIONS = YES;
				CLANG_WARN_DIRECT_OBJC_ISA_USAGE = YES_ERROR;
				CLANG_WARN_DOCUMENTATION_COMMENTS = YES;
				CLANG_WARN_EMPTY_BODY = YES;
				CLANG_WARN_ENUM_CONVERSION = YES;
				CLANG_WARN_INFINITE_RECURSION = YES;
				CLANG_WARN_INT_CONVERSION = YES;
				CLANG_WARN_NON_LITERAL_NULL_CONVERSION = YES;
				CLANG_WARN_OBJC_IMPLICIT_RETAIN_SELF = YES;
				CLANG_WARN_OBJC_LITERAL_CONVERSION = YES;
				CLANG_WARN_OBJC_ROOT_CLASS = YES_ERROR;
				CLANG_WARN_QUOTED_INCLUDE_IN_FRAMEWORK_HEADER = YES;
				CLANG_WARN_RANGE_LOOP_ANALYSIS = YES;
				CLANG_WARN_STRICT_PROTOTYPES = YES;
				CLANG_WARN_SUSPICIOUS_MOVE = YES;
				CLANG_WARN_UNGUARDED_AVAILABILITY = YES_AGGRESSIVE;
				CLANG_WARN_UNREACHABLE_CODE = YES;
				CLANG_WARN__DUPLICATE_METHOD_MATCH = YES;
				COPY_PHASE_STRIP = NO;
				DEBUG_INFORMATION_FORMAT = dwarf;
				ENABLE_STRICT_OBJC_MSGSEND = YES;
				ENABLE_TESTABILITY = YES;
				ENABLE_USER_SCRIPT_SANDBOXING = YES;
				GCC_C_LANGUAGE_STANDARD = gnu17;
				GCC_DYNAMIC_NO_PIC = NO;
				GCC_NO_COMMON_BLOCKS = YES;
				GCC_OPTIMIZATION_LEVEL = 0;
				GCC_PREPROCESSOR_DEFINITIONS = (
					"DEBUG=1",
					"$(inherited)",
				);
				GCC_WARN_64_TO_32_BIT_CONVERSION = YES;
				GCC_WARN_ABOUT_RETURN_TYPE = YES_ERROR;
				GCC_WARN_UNDECLARED_SELECTOR = YES;
				GCC_WARN_UNINITIALIZED_AUTOS = YES_AGGRESSIVE;
				GCC_WARN_UNUSED_FUNCTION = YES;
				GCC_WARN_UNUSED_VARIABLE = YES;
				IPHONEOS_DEPLOYMENT_TARGET = 18.5;
				LOCALIZATION_PREFERS_STRING_CATALOGS = YES;
				MTL_ENABLE_DEBUG_INFO = INCLUDE_SOURCE;
				MTL_FAST_MATH = YES;
				ONLY_ACTIVE_ARCH = YES;
				SDKROOT = iphoneos;
				SWIFT_ACTIVE_COMPILATION_CONDITIONS = "DEBUG $(inherited)";
				SWIFT_OPTIMIZATION_LEVEL = "-Onone";
			};
			name = Debug;
		};
		42C3CD8A2E51D7D800AB057D /* Release */ = {
			isa = XCBuildConfiguration;
			buildSettings = {
				ALWAYS_SEARCH_USER_PATHS = NO;
				ASSETCATALOG_COMPILER_GENERATE_SWIFT_ASSET_SYMBOL_EXTENSIONS = YES;
				CLANG_ANALYZER_NONNULL = YES;
				CLANG_ANALYZER_NUMBER_OBJECT_CONVERSION = YES_AGGRESSIVE;
				CLANG_CXX_LANGUAGE_STANDARD = "gnu++20";
				CLANG_ENABLE_MODULES = YES;
				CLANG_ENABLE_OBJC_ARC = YES;
				CLANG_ENABLE_OBJC_WEAK = YES;
				CLANG_WARN_BLOCK_CAPTURE_AUTORELEASING = YES;
				CLANG_WARN_BOOL_CONVERSION = YES;
				CLANG_WARN_COMMA = YES;
				CLANG_WARN_CONSTANT_CONVERSION = YES;
				CLANG_WARN_DEPRECATED_OBJC_IMPLEMENTATIONS = YES;
				CLANG_WARN_DIRECT_OBJC_ISA_USAGE = YES_ERROR;
				CLANG_WARN_DOCUMENTATION_COMMENTS = YES;
				CLANG_WARN_EMPTY_BODY = YES;
				CLANG_WARN_ENUM_CONVERSION = YES;
				CLANG_WARN_INFINITE_RECURSION = YES;
				CLANG_WARN_INT_CONVERSION = YES;
				CLANG_WARN_NON_LITERAL_NULL_CONVERSION = YES;
				CLANG_WARN_OBJC_IMPLICIT_RETAIN_SELF = YES;
				CLANG_WARN_OBJC_LITERAL_CONVERSION = YES;
				CLANG_WARN_OBJC_ROOT_CLASS = YES_ERROR;
				CLANG_WARN_QUOTED_INCLUDE_IN_FRAMEWORK_HEADER = YES;
				CLANG_WARN_RANGE_LOOP_ANALYSIS = YES;
				CLANG_WARN_STRICT_PROTOTYPES = YES;
				CLANG_WARN_SUSPICIOUS_MOVE = YES;
				CLANG_WARN_UNGUARDED_AVAILABILITY = YES_AGGRESSIVE;
				CLANG_WARN_UNREACHABLE_CODE = YES;
				CLANG_WARN__DUPLICATE_METHOD_MATCH = YES;
				COPY_PHASE_STRIP = NO;
				DEBUG_INFORMATION_FORMAT = "dwarf-with-dsym";
				ENABLE_NS_ASSERTIONS = NO;
				ENABLE_STRICT_OBJC_MSGSEND = YES;
				ENABLE_USER_SCRIPT_SANDBOXING = YES;
				GCC_C_LANGUAGE_STANDARD = gnu17;
				GCC_NO_COMMON_BLOCKS = YES;
				GCC_WARN_64_TO_32_BIT_CONVERSION = YES;
				GCC_WARN_ABOUT_RETURN_TYPE = YES_ERROR;
				GCC_WARN_UNDECLARED_SELECTOR = YES;
				GCC_WARN_UNINITIALIZED_AUTOS = YES_AGGRESSIVE;
				GCC_WARN_UNUSED_FUNCTION = YES;
				GCC_WARN_UNUSED_VARIABLE = YES;
				IPHONEOS_DEPLOYMENT_TARGET = 18.5;
				LOCALIZATION_PREFERS_STRING_CATALOGS = YES;
				MTL_ENABLE_DEBUG_INFO = NO;
				MTL_FAST_MATH = YES;
				SDKROOT = iphoneos;
				SWIFT_COMPILATION_MODE = wholemodule;
				VALIDATE_PRODUCT = YES;
			};
			name = Release;
		};
		42C3CD8C2E51D7D800AB057D /* Debug */ = {
			isa = XCBuildConfiguration;
			buildSettings = {
				BUNDLE_LOADER = "$(TEST_HOST)";
				CODE_SIGN_STYLE = Automatic;
				CURRENT_PROJECT_VERSION = 1;
				GENERATE_INFOPLIST_FILE = YES;
				IPHONEOS_DEPLOYMENT_TARGET = 18.5;
				MARKETING_VERSION = 1.0;
				PRODUCT_BUNDLE_IDENTIFIER = "Alexander-Shevtsov.ShopAppTests";
				PRODUCT_NAME = "$(TARGET_NAME)";
				SWIFT_EMIT_LOC_STRINGS = NO;
				SWIFT_VERSION = 5.0;
				TARGETED_DEVICE_FAMILY = "1,2";
				TEST_HOST = "$(BUILT_PRODUCTS_DIR)/ShopApp.app/$(BUNDLE_EXECUTABLE_FOLDER_PATH)/ShopApp";
			};
			name = Debug;
		};
		42C3CD8D2E51D7D800AB057D /* Release */ = {
			isa = XCBuildConfiguration;
			buildSettings = {
				BUNDLE_LOADER = "$(TEST_HOST)";
				CODE_SIGN_STYLE = Automatic;
				CURRENT_PROJECT_VERSION = 1;
				GENERATE_INFOPLIST_FILE = YES;
				IPHONEOS_DEPLOYMENT_TARGET = 18.5;
				MARKETING_VERSION = 1.0;
				PRODUCT_BUNDLE_IDENTIFIER = "Alexander-Shevtsov.ShopAppTests";
				PRODUCT_NAME = "$(TARGET_NAME)";
				SWIFT_EMIT_LOC_STRINGS = NO;
				SWIFT_VERSION = 5.0;
				TARGETED_DEVICE_FAMILY = "1,2";
				TEST_HOST = "$(BUILT_PRODUCTS_DIR)/ShopApp.app/$(BUNDLE_EXECUTABLE_FOLDER_PATH)/ShopApp";
			};
			name = Release;
		};
		42C3CD8F2E51D7D800AB057D /* Debug */ = {
			isa = XCBuildConfiguration;
			buildSettings = {
				CODE_SIGN_STYLE = Automatic;
				CURRENT_PROJECT_VERSION = 1;
				GENERATE_INFOPLIST_FILE = YES;
				MARKETING_VERSION = 1.0;
				PRODUCT_BUNDLE_IDENTIFIER = "Alexander-Shevtsov.ShopAppUITests";
				PRODUCT_NAME = "$(TARGET_NAME)";
				SWIFT_EMIT_LOC_STRINGS = NO;
				SWIFT_VERSION = 5.0;
				TARGETED_DEVICE_FAMILY = "1,2";
				TEST_TARGET_NAME = ShopApp;
			};
			name = Debug;
		};
		42C3CD902E51D7D800AB057D /* Release */ = {
			isa = XCBuildConfiguration;
			buildSettings = {
				CODE_SIGN_STYLE = Automatic;
				CURRENT_PROJECT_VERSION = 1;
				GENERATE_INFOPLIST_FILE = YES;
				MARKETING_VERSION = 1.0;
				PRODUCT_BUNDLE_IDENTIFIER = "Alexander-Shevtsov.ShopAppUITests";
				PRODUCT_NAME = "$(TARGET_NAME)";
				SWIFT_EMIT_LOC_STRINGS = NO;
				SWIFT_VERSION = 5.0;
				TARGETED_DEVICE_FAMILY = "1,2";
				TEST_TARGET_NAME = ShopApp;
			};
			name = Release;
		};
/* End XCBuildConfiguration section */

/* Begin XCConfigurationList section */
		42C3CD582E51D7D600AB057D /* Build configuration list for PBXProject "ShopApp" */ = {
			isa = XCConfigurationList;
			buildConfigurations = (
				42C3CD892E51D7D800AB057D /* Debug */,
				42C3CD8A2E51D7D800AB057D /* Release */,
			);
			defaultConfigurationIsVisible = 0;
			defaultConfigurationName = Release;
		};
		42C3CD862E51D7D800AB057D /* Build configuration list for PBXNativeTarget "ShopApp" */ = {
			isa = XCConfigurationList;
			buildConfigurations = (
				42C3CD872E51D7D800AB057D /* Debug */,
				42C3CD882E51D7D800AB057D /* Release */,
			);
			defaultConfigurationIsVisible = 0;
			defaultConfigurationName = Release;
		};
		42C3CD8B2E51D7D800AB057D /* Build configuration list for PBXNativeTarget "ShopAppTests" */ = {
			isa = XCConfigurationList;
			buildConfigurations = (
				42C3CD8C2E51D7D800AB057D /* Debug */,
				42C3CD8D2E51D7D800AB057D /* Release */,
			);
			defaultConfigurationIsVisible = 0;
			defaultConfigurationName = Release;
		};
		42C3CD8E2E51D7D800AB057D /* Build configuration list for PBXNativeTarget "ShopAppUITests" */ = {
			isa = XCConfigurationList;
			buildConfigurations = (
				42C3CD8F2E51D7D800AB057D /* Debug */,
				42C3CD902E51D7D800AB057D /* Release */,
			);
			defaultConfigurationIsVisible = 0;
			defaultConfigurationName = Release;
		};
/* End XCConfigurationList section */
	};
	rootObject = 42C3CD552E51D7D600AB057D /* Project object */;
}
